
Microsoft Visual Studio Solution File, Format Version 12.00
# Visual Studio Version 17
VisualStudioVersion = 17.5.33530.505
MinimumVisualStudioVersion = 10.0.40219.1
Project("{FAE04EC0-301F-11D3-BF4B-00C04F79EFBC}") = "GrooveHT.Server", "GrooveHT\Server\GrooveHT.Server.csproj", "{E1823159-A969-431C-B168-EA2C8C2484C0}"
EndProject
Project("{FAE04EC0-301F-11D3-BF4B-00C04F79EFBC}") = "GrooveHT.Client", "GrooveHT\Client\GrooveHT.Client.csproj", "{02BC7978-7D7F-437C-92E5-25A2D867D3AD}"
EndProject
Project("{FAE04EC0-301F-11D3-BF4B-00C04F79EFBC}") = "GrooveHT.Shared", "GrooveHT\Shared\GrooveHT.Shared.csproj", "{036B51F6-6EC0-4A84-8FE1-973A1BEB08CC}"
EndProject
Global
	GlobalSection(SolutionConfigurationPlatforms) = preSolution
		Debug|Any CPU = Debug|Any CPU
		Release|Any CPU = Release|Any CPU
	EndGlobalSection
	GlobalSection(ProjectConfigurationPlatforms) = postSolution
		{E1823159-A969-431C-B168-EA2C8C2484C0}.Debug|Any CPU.ActiveCfg = Debug|Any CPU
		{E1823159-A969-431C-B168-EA2C8C2484C0}.Debug|Any CPU.Build.0 = Debug|Any CPU
		{E1823159-A969-431C-B168-EA2C8C2484C0}.Release|Any CPU.ActiveCfg = Release|Any CPU
		{E1823159-A969-431C-B168-EA2C8C2484C0}.Release|Any CPU.Build.0 = Release|Any CPU
		{02BC7978-7D7F-437C-92E5-25A2D867D3AD}.Debug|Any CPU.ActiveCfg = Debug|Any CPU
		{02BC7978-7D7F-437C-92E5-25A2D867D3AD}.Debug|Any CPU.Build.0 = Debug|Any CPU
		{02BC7978-7D7F-437C-92E5-25A2D867D3AD}.Release|Any CPU.ActiveCfg = Release|Any CPU
		{02BC7978-7D7F-437C-92E5-25A2D867D3AD}.Release|Any CPU.Build.0 = Release|Any CPU
		{036B51F6-6EC0-4A84-8FE1-973A1BEB08CC}.Debug|Any CPU.ActiveCfg = Debug|Any CPU
		{036B51F6-6EC0-4A84-8FE1-973A1BEB08CC}.Debug|Any CPU.Build.0 = Debug|Any CPU
		{036B51F6-6EC0-4A84-8FE1-973A1BEB08CC}.Release|Any CPU.ActiveCfg = Release|Any CPU
		{036B51F6-6EC0-4A84-8FE1-973A1BEB08CC}.Release|Any CPU.Build.0 = Release|Any CPU
	EndGlobalSection
	GlobalSection(SolutionProperties) = preSolution
		HideSolutionNode = FALSE
	EndGlobalSection
	GlobalSection(ExtensibilityGlobals) = postSolution
		SolutionGuid = {E2406A64-C5A7-4097-BE8B-9BFFDCE36348}
	EndGlobalSection
EndGlobal
